// !$*UTF8*$!
{
	archiveVersion = 1;
	classes = {
	};
	objectVersion = 56;
	objects = {

/* Begin PBXBuildFile section */
		D4C1B619297972F4005A5095 /* TestApp2App.swift in Sources */ = {isa = PBXBuildFile; fileRef = D4C1B618297972F4005A5095 /* TestApp2App.swift */; };
		D4C1B61B297972F4005A5095 /* ContentView.swift in Sources */ = {isa = PBXBuildFile; fileRef = D4C1B61A297972F4005A5095 /* ContentView.swift */; };
		D4C1B61D297972F5005A5095 /* Assets.xcassets in Resources */ = {isa = PBXBuildFile; fileRef = D4C1B61C297972F5005A5095 /* Assets.xcassets */; };
		D4C1B620297972F5005A5095 /* Preview Assets.xcassets in Resources */ = {isa = PBXBuildFile; fileRef = D4C1B61F297972F5005A5095 /* Preview Assets.xcassets */; };
		D4C1B62A297972F6005A5095 /* TestApp2Tests.swift in Sources */ = {isa = PBXBuildFile; fileRef = D4C1B629297972F6005A5095 /* TestApp2Tests.swift */; };
		D4C1B634297972F6005A5095 /* TestApp2UITests.swift in Sources */ = {isa = PBXBuildFile; fileRef = D4C1B633297972F6005A5095 /* TestApp2UITests.swift */; };
		D4C1B636297972F6005A5095 /* TestApp2UITestsLaunchTests.swift in Sources */ = {isa = PBXBuildFile; fileRef = D4C1B635297972F6005A5095 /* TestApp2UITestsLaunchTests.swift */; };
/* End PBXBuildFile section */

/* Begin PBXContainerItemProxy section */
		D4C1B626297972F6005A5095 /* PBXContainerItemProxy */ = {
			isa = PBXContainerItemProxy;
			containerPortal = D4C1B60D297972F4005A5095 /* Project object */;
			proxyType = 1;
			remoteGlobalIDString = D4C1B614297972F4005A5095;
			remoteInfo = TestApp2;
		};
		D4C1B630297972F6005A5095 /* PBXContainerItemProxy */ = {
			isa = PBXContainerItemProxy;
			containerPortal = D4C1B60D297972F4005A5095 /* Project object */;
			proxyType = 1;
			remoteGlobalIDString = D4C1B614297972F4005A5095;
			remoteInfo = TestApp2;
		};
/* End PBXContainerItemProxy section */

/* Begin PBXFileReference section */
		D4C1B615297972F4005A5095 /* TestApp2.app */ = {isa = PBXFileReference; explicitFileType = wrapper.application; includeInIndex = 0; path = TestApp2.app; sourceTree = BUILT_PRODUCTS_DIR; };
		D4C1B618297972F4005A5095 /* TestApp2App.swift */ = {isa = PBXFileReference; lastKnownFileType = sourcecode.swift; path = TestApp2App.swift; sourceTree = "<group>"; };
		D4C1B61A297972F4005A5095 /* ContentView.swift */ = {isa = PBXFileReference; lastKnownFileType = sourcecode.swift; path = ContentView.swift; sourceTree = "<group>"; };
		D4C1B61C297972F5005A5095 /* Assets.xcassets */ = {isa = PBXFileReference; lastKnownFileType = folder.assetcatalog; path = Assets.xcassets; sourceTree = "<group>"; };
		D4C1B61F297972F5005A5095 /* Preview Assets.xcassets */ = {isa = PBXFileReference; lastKnownFileType = folder.assetcatalog; path = "Preview Assets.xcassets"; sourceTree = "<group>"; };
		D4C1B625297972F6005A5095 /* TestApp2Tests.xctest */ = {isa = PBXFileReference; explicitFileType = wrapper.cfbundle; includeInIndex = 0; path = TestApp2Tests.xctest; sourceTree = BUILT_PRODUCTS_DIR; };
		D4C1B629297972F6005A5095 /* TestApp2Tests.swift */ = {isa = PBXFileReference; lastKnownFileType = sourcecode.swift; path = TestApp2Tests.swift; sourceTree = "<group>"; };
		D4C1B62F297972F6005A5095 /* TestApp2UITests.xctest */ = {isa = PBXFileReference; explicitFileType = wrapper.cfbundle; includeInIndex = 0; path = TestApp2UITests.xctest; sourceTree = BUILT_PRODUCTS_DIR; };
		D4C1B633297972F6005A5095 /* TestApp2UITests.swift */ = {isa = PBXFileReference; lastKnownFileType = sourcecode.swift; path = TestApp2UITests.swift; sourceTree = "<group>"; };
		D4C1B635297972F6005A5095 /* TestApp2UITestsLaunchTests.swift */ = {isa = PBXFileReference; lastKnownFileType = sourcecode.swift; path = TestApp2UITestsLaunchTests.swift; sourceTree = "<group>"; };
/* End PBXFileReference section */

/* Begin PBXFrameworksBuildPhase section */
		D4C1B612297972F4005A5095 /* Frameworks */ = {
			isa = PBXFrameworksBuildPhase;
			buildActionMask = 2147483647;
			files = (
			);
			runOnlyForDeploymentPostprocessing = 0;
		};
		D4C1B622297972F6005A5095 /* Frameworks */ = {
			isa = PBXFrameworksBuildPhase;
			buildActionMask = 2147483647;
			files = (
			);
			runOnlyForDeploymentPostprocessing = 0;
		};
		D4C1B62C297972F6005A5095 /* Frameworks */ = {
			isa = PBXFrameworksBuildPhase;
			buildActionMask = 2147483647;
			files = (
			);
			runOnlyForDeploymentPostprocessing = 0;
		};
/* End PBXFrameworksBuildPhase section */

/* Begin PBXGroup section */
		D4C1B60C297972F4005A5095 = {
			isa = PBXGroup;
			children = (
				D4C1B617297972F4005A5095 /* TestApp2 */,
				D4C1B628297972F6005A5095 /* TestApp2Tests */,
				D4C1B632297972F6005A5095 /* TestApp2UITests */,
				D4C1B616297972F4005A5095 /* Products */,
			);
			sourceTree = "<group>";
		};
		D4C1B616297972F4005A5095 /* Products */ = {
			isa = PBXGroup;
			children = (
				D4C1B615297972F4005A5095 /* TestApp2.app */,
				D4C1B625297972F6005A5095 /* TestApp2Tests.xctest */,
				D4C1B62F297972F6005A5095 /* TestApp2UITests.xctest */,
			);
			name = Products;
			sourceTree = "<group>";
		};
		D4C1B617297972F4005A5095 /* TestApp2 */ = {
			isa = PBXGroup;
			children = (
				D4C1B618297972F4005A5095 /* TestApp2App.swift */,
				D4C1B61A297972F4005A5095 /* ContentView.swift */,
				D4C1B61C297972F5005A5095 /* Assets.xcassets */,
				D4C1B61E297972F5005A5095 /* Preview Content */,
			);
			path = TestApp2;
			sourceTree = "<group>";
		};
		D4C1B61E297972F5005A5095 /* Preview Content */ = {
			isa = PBXGroup;
			children = (
				D4C1B61F297972F5005A5095 /* Preview Assets.xcassets */,
			);
			path = "Preview Content";
			sourceTree = "<group>";
		};
		D4C1B628297972F6005A5095 /* TestApp2Tests */ = {
			isa = PBXGroup;
			children = (
				D4C1B629297972F6005A5095 /* TestApp2Tests.swift */,
			);
			path = TestApp2Tests;
			sourceTree = "<group>";
		};
		D4C1B632297972F6005A5095 /* TestApp2UITests */ = {
			isa = PBXGroup;
			children = (
				D4C1B633297972F6005A5095 /* TestApp2UITests.swift */,
				D4C1B635297972F6005A5095 /* TestApp2UITestsLaunchTests.swift */,
			);
			path = TestApp2UITests;
			sourceTree = "<group>";
		};
/* End PBXGroup section */

/* Begin PBXNativeTarget section */
		D4C1B614297972F4005A5095 /* TestApp2 */ = {
			isa = PBXNativeTarget;
			buildConfigurationList = D4C1B639297972F6005A5095 /* Build configuration list for PBXNativeTarget "TestApp2" */;
			buildPhases = (
				D4C1B611297972F4005A5095 /* Sources */,
				D4C1B612297972F4005A5095 /* Frameworks */,
				D4C1B613297972F4005A5095 /* Resources */,
			);
			buildRules = (
			);
			dependencies = (
			);
			name = TestApp2;
			productName = TestApp2;
			productReference = D4C1B615297972F4005A5095 /* TestApp2.app */;
			productType = "com.apple.product-type.application";
		};
		D4C1B624297972F6005A5095 /* TestApp2Tests */ = {
			isa = PBXNativeTarget;
			buildConfigurationList = D4C1B63C297972F6005A5095 /* Build configuration list for PBXNativeTarget "TestApp2Tests" */;
			buildPhases = (
				D4C1B621297972F6005A5095 /* Sources */,
				D4C1B622297972F6005A5095 /* Frameworks */,
				D4C1B623297972F6005A5095 /* Resources */,
			);
			buildRules = (
			);
			dependencies = (
				D4C1B627297972F6005A5095 /* PBXTargetDependency */,
			);
			name = TestApp2Tests;
			productName = TestApp2Tests;
			productReference = D4C1B625297972F6005A5095 /* TestApp2Tests.xctest */;
			productType = "com.apple.product-type.bundle.unit-test";
		};
		D4C1B62E297972F6005A5095 /* TestApp2UITests */ = {
			isa = PBXNativeTarget;
			buildConfigurationList = D4C1B63F297972F6005A5095 /* Build configuration list for PBXNativeTarget "TestApp2UITests" */;
			buildPhases = (
				D4C1B62B297972F6005A5095 /* Sources */,
				D4C1B62C297972F6005A5095 /* Frameworks */,
				D4C1B62D297972F6005A5095 /* Resources */,
			);
			buildRules = (
			);
			dependencies = (
				D4C1B631297972F6005A5095 /* PBXTargetDependency */,
			);
			name = TestApp2UITests;
			productName = TestApp2UITests;
			productReference = D4C1B62F297972F6005A5095 /* TestApp2UITests.xctest */;
			productType = "com.apple.product-type.bundle.ui-testing";
		};
/* End PBXNativeTarget section */

/* Begin PBXProject section */
		D4C1B60D297972F4005A5095 /* Project object */ = {
			isa = PBXProject;
			attributes = {
				BuildIndependentTargetsInParallel = 1;
				LastSwiftUpdateCheck = 1410;
				LastUpgradeCheck = 1410;
				TargetAttributes = {
					D4C1B614297972F4005A5095 = {
						CreatedOnToolsVersion = 14.1;
					};
					D4C1B624297972F6005A5095 = {
						CreatedOnToolsVersion = 14.1;
						TestTargetID = D4C1B614297972F4005A5095;
					};
					D4C1B62E297972F6005A5095 = {
						CreatedOnToolsVersion = 14.1;
						TestTargetID = D4C1B614297972F4005A5095;
					};
				};
			};
			buildConfigurationList = D4C1B610297972F4005A5095 /* Build configuration list for PBXProject "TestApp2" */;
			compatibilityVersion = "Xcode 14.0";
			developmentRegion = en;
			hasScannedForEncodings = 0;
			knownRegions = (
				en,
				Base,
			);
			mainGroup = D4C1B60C297972F4005A5095;
			productRefGroup = D4C1B616297972F4005A5095 /* Products */;
			projectDirPath = "";
			projectRoot = "";
			targets = (
				D4C1B614297972F4005A5095 /* TestApp2 */,
				D4C1B624297972F6005A5095 /* TestApp2Tests */,
				D4C1B62E297972F6005A5095 /* TestApp2UITests */,
			);
		};
/* End PBXProject section */

/* Begin PBXResourcesBuildPhase section */
		D4C1B613297972F4005A5095 /* Resources */ = {
			isa = PBXResourcesBuildPhase;
			buildActionMask = 2147483647;
			files = (
				D4C1B620297972F5005A5095 /* Preview Assets.xcassets in Resources */,
				D4C1B61D297972F5005A5095 /* Assets.xcassets in Resources */,
			);
			runOnlyForDeploymentPostprocessing = 0;
		};
		D4C1B623297972F6005A5095 /* Resources */ = {
			isa = PBXResourcesBuildPhase;
			buildActionMask = 2147483647;
			files = (
			);
			runOnlyForDeploymentPostprocessing = 0;
		};
		D4C1B62D297972F6005A5095 /* Resources */ = {
			isa = PBXResourcesBuildPhase;
			buildActionMask = 2147483647;
			files = (
			);
			runOnlyForDeploymentPostprocessing = 0;
		};
/* End PBXResourcesBuildPhase section */

/* Begin PBXSourcesBuildPhase section */
		D4C1B611297972F4005A5095 /* Sources */ = {
			isa = PBXSourcesBuildPhase;
			buildActionMask = 2147483647;
			files = (
				D4C1B61B297972F4005A5095 /* ContentView.swift in Sources */,
				D4C1B619297972F4005A5095 /* TestApp2App.swift in Sources */,
			);
			runOnlyForDeploymentPostprocessing = 0;
		};
		D4C1B621297972F6005A5095 /* Sources */ = {
			isa = PBXSourcesBuildPhase;
			buildActionMask = 2147483647;
			files = (
				D4C1B62A297972F6005A5095 /* TestApp2Tests.swift in Sources */,
			);
			runOnlyForDeploymentPostprocessing = 0;
		};
		D4C1B62B297972F6005A5095 /* Sources */ = {
			isa = PBXSourcesBuildPhase;
			buildActionMask = 2147483647;
			files = (
				D4C1B636297972F6005A5095 /* TestApp2UITestsLaunchTests.swift in Sources */,
				D4C1B634297972F6005A5095 /* TestApp2UITests.swift in Sources */,
			);
			runOnlyForDeploymentPostprocessing = 0;
		};
/* End PBXSourcesBuildPhase section */

/* Begin PBXTargetDependency section */
		D4C1B627297972F6005A5095 /* PBXTargetDependency */ = {
			isa = PBXTargetDependency;
			target = D4C1B614297972F4005A5095 /* TestApp2 */;
			targetProxy = D4C1B626297972F6005A5095 /* PBXContainerItemProxy */;
		};
		D4C1B631297972F6005A5095 /* PBXTargetDependency */ = {
			isa = PBXTargetDependency;
			target = D4C1B614297972F4005A5095 /* TestApp2 */;
			targetProxy = D4C1B630297972F6005A5095 /* PBXContainerItemProxy */;
		};
/* End PBXTargetDependency section */

/* Begin XCBuildConfiguration section */
		D4C1B637297972F6005A5095 /* Debug */ = {
			isa = XCBuildConfiguration;
			buildSettings = {
				ALWAYS_SEARCH_USER_PATHS = NO;
				CLANG_ANALYZER_NONNULL = YES;
				CLANG_ANALYZER_NUMBER_OBJECT_CONVERSION = YES_AGGRESSIVE;
				CLANG_CXX_LANGUAGE_STANDARD = "gnu++20";
				CLANG_ENABLE_MODULES = YES;
				CLANG_ENABLE_OBJC_ARC = YES;
				CLANG_ENABLE_OBJC_WEAK = YES;
				CLANG_WARN_BLOCK_CAPTURE_AUTORELEASING = YES;
				CLANG_WARN_BOOL_CONVERSION = YES;
				CLANG_WARN_COMMA = YES;
				CLANG_WARN_CONSTANT_CONVERSION = YES;
				CLANG_WARN_DEPRECATED_OBJC_IMPLEMENTATIONS = YES;
				CLANG_WARN_DIRECT_OBJC_ISA_USAGE = YES_ERROR;
				CLANG_WARN_DOCUMENTATION_COMMENTS = YES;
				CLANG_WARN_EMPTY_BODY = YES;
				CLANG_WARN_ENUM_CONVERSION = YES;
				CLANG_WARN_INFINITE_RECURSION = YES;
				CLANG_WARN_INT_CONVERSION = YES;
				CLANG_WARN_NON_LITERAL_NULL_CONVERSION = YES;
				CLANG_WARN_OBJC_IMPLICIT_RETAIN_SELF = YES;
				CLANG_WARN_OBJC_LITERAL_CONVERSION = YES;
				CLANG_WARN_OBJC_ROOT_CLASS = YES_ERROR;
				CLANG_WARN_QUOTED_INCLUDE_IN_FRAMEWORK_HEADER = YES;
				CLANG_WARN_RANGE_LOOP_ANALYSIS = YES;
				CLANG_WARN_STRICT_PROTOTYPES = YES;
				CLANG_WARN_SUSPICIOUS_MOVE = YES;
				CLANG_WARN_UNGUARDED_AVAILABILITY = YES_AGGRESSIVE;
				CLANG_WARN_UNREACHABLE_CODE = YES;
				CLANG_WARN__DUPLICATE_METHOD_MATCH = YES;
				COPY_PHASE_STRIP = NO;
				DEBUG_INFORMATION_FORMAT = dwarf;
				ENABLE_STRICT_OBJC_MSGSEND = YES;
				ENABLE_TESTABILITY = YES;
				GCC_C_LANGUAGE_STANDARD = gnu11;
				GCC_DYNAMIC_NO_PIC = NO;
				GCC_NO_COMMON_BLOCKS = YES;
				GCC_OPTIMIZATION_LEVEL = 0;
				GCC_PREPROCESSOR_DEFINITIONS = (
					"DEBUG=1",
					"$(inherited)",
				);
				GCC_WARN_64_TO_32_BIT_CONVERSION = YES;
				GCC_WARN_ABOUT_RETURN_TYPE = YES_ERROR;
				GCC_WARN_UNDECLARED_SELECTOR = YES;
				GCC_WARN_UNINITIALIZED_AUTOS = YES_AGGRESSIVE;
				GCC_WARN_UNUSED_FUNCTION = YES;
				GCC_WARN_UNUSED_VARIABLE = YES;
				IPHONEOS_DEPLOYMENT_TARGET = 16.1;
				MTL_ENABLE_DEBUG_INFO = INCLUDE_SOURCE;
				MTL_FAST_MATH = YES;
				ONLY_ACTIVE_ARCH = YES;
				SDKROOT = iphoneos;
				SWIFT_ACTIVE_COMPILATION_CONDITIONS = DEBUG;
				SWIFT_OPTIMIZATION_LEVEL = "-Onone";
			};
			name = Debug;
		};
		D4C1B638297972F6005A5095 /* Release */ = {
			isa = XCBuildConfiguration;
			buildSettings = {
				ALWAYS_SEARCH_USER_PATHS = NO;
				CLANG_ANALYZER_NONNULL = YES;
				CLANG_ANALYZER_NUMBER_OBJECT_CONVERSION = YES_AGGRESSIVE;
				CLANG_CXX_LANGUAGE_STANDARD = "gnu++20";
				CLANG_ENABLE_MODULES = YES;
				CLANG_ENABLE_OBJC_ARC = YES;
				CLANG_ENABLE_OBJC_WEAK = YES;
				CLANG_WARN_BLOCK_CAPTURE_AUTORELEASING = YES;
				CLANG_WARN_BOOL_CONVERSION = YES;
				CLANG_WARN_COMMA = YES;
				CLANG_WARN_CONSTANT_CONVERSION = YES;
				CLANG_WARN_DEPRECATED_OBJC_IMPLEMENTATIONS = YES;
				CLANG_WARN_DIRECT_OBJC_ISA_USAGE = YES_ERROR;
				CLANG_WARN_DOCUMENTATION_COMMENTS = YES;
				CLANG_WARN_EMPTY_BODY = YES;
				CLANG_WARN_ENUM_CONVERSION = YES;
				CLANG_WARN_INFINITE_RECURSION = YES;
				CLANG_WARN_INT_CONVERSION = YES;
				CLANG_WARN_NON_LITERAL_NULL_CONVERSION = YES;
				CLANG_WARN_OBJC_IMPLICIT_RETAIN_SELF = YES;
				CLANG_WARN_OBJC_LITERAL_CONVERSION = YES;
				CLANG_WARN_OBJC_ROOT_CLASS = YES_ERROR;
				CLANG_WARN_QUOTED_INCLUDE_IN_FRAMEWORK_HEADER = YES;
				CLANG_WARN_RANGE_LOOP_ANALYSIS = YES;
				CLANG_WARN_STRICT_PROTOTYPES = YES;
				CLANG_WARN_SUSPICIOUS_MOVE = YES;
				CLANG_WARN_UNGUARDED_AVAILABILITY = YES_AGGRESSIVE;
				CLANG_WARN_UNREACHABLE_CODE = YES;
				CLANG_WARN__DUPLICATE_METHOD_MATCH = YES;
				COPY_PHASE_STRIP = NO;
				DEBUG_INFORMATION_FORMAT = "dwarf-with-dsym";
				ENABLE_NS_ASSERTIONS = NO;
				ENABLE_STRICT_OBJC_MSGSEND = YES;
				GCC_C_LANGUAGE_STANDARD = gnu11;
				GCC_NO_COMMON_BLOCKS = YES;
				GCC_WARN_64_TO_32_BIT_CONVERSION = YES;
				GCC_WARN_ABOUT_RETURN_TYPE = YES_ERROR;
				GCC_WARN_UNDECLARED_SELECTOR = YES;
				GCC_WARN_UNINITIALIZED_AUTOS = YES_AGGRESSIVE;
				GCC_WARN_UNUSED_FUNCTION = YES;
				GCC_WARN_UNUSED_VARIABLE = YES;
				IPHONEOS_DEPLOYMENT_TARGET = 16.1;
				MTL_ENABLE_DEBUG_INFO = NO;
				MTL_FAST_MATH = YES;
				SDKROOT = iphoneos;
				SWIFT_COMPILATION_MODE = wholemodule;
				SWIFT_OPTIMIZATION_LEVEL = "-O";
				VALIDATE_PRODUCT = YES;
			};
			name = Release;
		};
		D4C1B63A297972F6005A5095 /* Debug */ = {
			isa = XCBuildConfiguration;
			buildSettings = {
				ASSETCATALOG_COMPILER_APPICON_NAME = AppIcon;
				ASSETCATALOG_COMPILER_GLOBAL_ACCENT_COLOR_NAME = AccentColor;
				CODE_SIGN_STYLE = Automatic;
				CURRENT_PROJECT_VERSION = 1;
				DEVELOPMENT_ASSET_PATHS = "\"TestApp2/Preview Content\"";
				DEVELOPMENT_TEAM = 5E2J2ET6VC;
				ENABLE_PREVIEWS = YES;
				GENERATE_INFOPLIST_FILE = YES;
				INFOPLIST_KEY_UIApplicationSceneManifest_Generation = YES;
				INFOPLIST_KEY_UIApplicationSupportsIndirectInputEvents = YES;
				INFOPLIST_KEY_UILaunchScreen_Generation = YES;
				INFOPLIST_KEY_UISupportedInterfaceOrientations_iPad = "UIInterfaceOrientationPortrait UIInterfaceOrientationPortraitUpsideDown UIInterfaceOrientationLandscapeLeft UIInterfaceOrientationLandscapeRight";
				INFOPLIST_KEY_UISupportedInterfaceOrientations_iPhone = "UIInterfaceOrientationPortrait UIInterfaceOrientationLandscapeLeft UIInterfaceOrientationLandscapeRight";
				LD_RUNPATH_SEARCH_PATHS = (
					"$(inherited)",
					"@executable_path/Frameworks",
				);
				MARKETING_VERSION = 1.0;
				PRODUCT_BUNDLE_IDENTIFIER = demo.TestApp2;
				PRODUCT_NAME = "$(TARGET_NAME)";
				SWIFT_EMIT_LOC_STRINGS = YES;
				SWIFT_VERSION = 5.0;
				TARGETED_DEVICE_FAMILY = "1,2";
			};
			name = Debug;
		};
		D4C1B63B297972F6005A5095 /* Release */ = {
			isa = XCBuildConfiguration;
			buildSettings = {
				ASSETCATALOG_COMPILER_APPICON_NAME = AppIcon;
				ASSETCATALOG_COMPILER_GLOBAL_ACCENT_COLOR_NAME = AccentColor;
				CODE_SIGN_STYLE = Automatic;
				CURRENT_PROJECT_VERSION = 1;
				DEVELOPMENT_ASSET_PATHS = "\"TestApp2/Preview Content\"";
				DEVELOPMENT_TEAM = 5E2J2ET6VC;
				ENABLE_PREVIEWS = YES;
				GENERATE_INFOPLIST_FILE = YES;
				INFOPLIST_KEY_UIApplicationSceneManifest_Generation = YES;
				INFOPLIST_KEY_UIApplicationSupportsIndirectInputEvents = YES;
				INFOPLIST_KEY_UILaunchScreen_Generation = YES;
				INFOPLIST_KEY_UISupportedInterfaceOrientations_iPad = "UIInterfaceOrientationPortrait UIInterfaceOrientationPortraitUpsideDown UIInterfaceOrientationLandscapeLeft UIInterfaceOrientationLandscapeRight";
				INFOPLIST_KEY_UISupportedInterfaceOrientations_iPhone = "UIInterfaceOrientationPortrait UIInterfaceOrientationLandscapeLeft UIInterfaceOrientationLandscapeRight";
				LD_RUNPATH_SEARCH_PATHS = (
					"$(inherited)",
					"@executable_path/Frameworks",
				);
				MARKETING_VERSION = 1.0;
				PRODUCT_BUNDLE_IDENTIFIER = demo.TestApp2;
				PRODUCT_NAME = "$(TARGET_NAME)";
				SWIFT_EMIT_LOC_STRINGS = YES;
				SWIFT_VERSION = 5.0;
				TARGETED_DEVICE_FAMILY = "1,2";
			};
			name = Release;
		};
		D4C1B63D297972F6005A5095 /* Debug */ = {
			isa = XCBuildConfiguration;
			buildSettings = {
				ALWAYS_EMBED_SWIFT_STANDARD_LIBRARIES = YES;
				BUNDLE_LOADER = "$(TEST_HOST)";
				CODE_SIGN_STYLE = Automatic;
				CURRENT_PROJECT_VERSION = 1;
				DEVELOPMENT_TEAM = 5E2J2ET6VC;
				GENERATE_INFOPLIST_FILE = YES;
				IPHONEOS_DEPLOYMENT_TARGET = 16.1;
				MARKETING_VERSION = 1.0;
				PRODUCT_BUNDLE_IDENTIFIER = demo.TestApp2Tests;
				PRODUCT_NAME = "$(TARGET_NAME)";
				SWIFT_EMIT_LOC_STRINGS = NO;
				SWIFT_VERSION = 5.0;
				TARGETED_DEVICE_FAMILY = "1,2";
				TEST_HOST = "$(BUILT_PRODUCTS_DIR)/TestApp2.app/$(BUNDLE_EXECUTABLE_FOLDER_PATH)/TestApp2";
			};
			name = Debug;
		};
		D4C1B63E297972F6005A5095 /* Release */ = {
			isa = XCBuildConfiguration;
			buildSettings = {
				ALWAYS_EMBED_SWIFT_STANDARD_LIBRARIES = YES;
				BUNDLE_LOADER = "$(TEST_HOST)";
				CODE_SIGN_STYLE = Automatic;
				CURRENT_PROJECT_VERSION = 1;
				DEVELOPMENT_TEAM = 5E2J2ET6VC;
				GENERATE_INFOPLIST_FILE = YES;
				IPHONEOS_DEPLOYMENT_TARGET = 16.1;
				MARKETING_VERSION = 1.0;
				PRODUCT_BUNDLE_IDENTIFIER = demo.TestApp2Tests;
				PRODUCT_NAME = "$(TARGET_NAME)";
				SWIFT_EMIT_LOC_STRINGS = NO;
				SWIFT_VERSION = 5.0;
				TARGETED_DEVICE_FAMILY = "1,2";
				TEST_HOST = "$(BUILT_PRODUCTS_DIR)/TestApp2.app/$(BUNDLE_EXECUTABLE_FOLDER_PATH)/TestApp2";
			};
			name = Release;
		};
		D4C1B640297972F6005A5095 /* Debug */ = {
			isa = XCBuildConfiguration;
			buildSettings = {
				ALWAYS_EMBED_SWIFT_STANDARD_LIBRARIES = YES;
				CODE_SIGN_STYLE = Automatic;
				CURRENT_PROJECT_VERSION = 1;
				DEVELOPMENT_TEAM = 5E2J2ET6VC;
				GENERATE_INFOPLIST_FILE = YES;
				MARKETING_VERSION = 1.0;
				PRODUCT_BUNDLE_IDENTIFIER = demo.TestApp2UITests;
				PRODUCT_NAME = "$(TARGET_NAME)";
				SWIFT_EMIT_LOC_STRINGS = NO;
				SWIFT_VERSION = 5.0;
				TARGETED_DEVICE_FAMILY = "1,2";
				TEST_TARGET_NAME = TestApp2;
			};
			name = Debug;
		};
		D4C1B641297972F6005A5095 /* Release */ = {
			isa = XCBuildConfiguration;
			buildSettings = {
				ALWAYS_EMBED_SWIFT_STANDARD_LIBRARIES = YES;
				CODE_SIGN_STYLE = Automatic;
				CURRENT_PROJECT_VERSION = 1;
				DEVELOPMENT_TEAM = 5E2J2ET6VC;
				GENERATE_INFOPLIST_FILE = YES;
				MARKETING_VERSION = 1.0;
				PRODUCT_BUNDLE_IDENTIFIER = demo.TestApp2UITests;
				PRODUCT_NAME = "$(TARGET_NAME)";
				SWIFT_EMIT_LOC_STRINGS = NO;
				SWIFT_VERSION = 5.0;
				TARGETED_DEVICE_FAMILY = "1,2";
				TEST_TARGET_NAME = TestApp2;
			};
			name = Release;
		};
/* End XCBuildConfiguration section */

/* Begin XCConfigurationList section */
		D4C1B610297972F4005A5095 /* Build configuration list for PBXProject "TestApp2" */ = {
			isa = XCConfigurationList;
			buildConfigurations = (
				D4C1B637297972F6005A5095 /* Debug */,
				D4C1B638297972F6005A5095 /* Release */,
			);
			defaultConfigurationIsVisible = 0;
			defaultConfigurationName = Release;
		};
		D4C1B639297972F6005A5095 /* Build configuration list for PBXNativeTarget "TestApp2" */ = {
			isa = XCConfigurationList;
			buildConfigurations = (
				D4C1B63A297972F6005A5095 /* Debug */,
				D4C1B63B297972F6005A5095 /* Release */,
			);
			defaultConfigurationIsVisible = 0;
			defaultConfigurationName = Release;
		};
		D4C1B63C297972F6005A5095 /* Build configuration list for PBXNativeTarget "TestApp2Tests" */ = {
			isa = XCConfigurationList;
			buildConfigurations = (
				D4C1B63D297972F6005A5095 /* Debug */,
				D4C1B63E297972F6005A5095 /* Release */,
			);
			defaultConfigurationIsVisible = 0;
			defaultConfigurationName = Release;
		};
		D4C1B63F297972F6005A5095 /* Build configuration list for PBXNativeTarget "TestApp2UITests" */ = {
			isa = XCConfigurationList;
			buildConfigurations = (
				D4C1B640297972F6005A5095 /* Debug */,
				D4C1B641297972F6005A5095 /* Release */,
			);
			defaultConfigurationIsVisible = 0;
			defaultConfigurationName = Release;
		};
/* End XCConfigurationList section */
	};
	rootObject = D4C1B60D297972F4005A5095 /* Project object */;
}
